// !$*UTF8*$!
{
	archiveVersion = 1;
	classes = {
	};
	objectVersion = 50;
	objects = {

/* Begin PBXBuildFile section */
		3399336C20C13E4F007031DD /* AppDelegate.m in Sources */ = {isa = PBXBuildFile; fileRef = 3399336B20C13E4F007031DD /* AppDelegate.m */; };
		3399336F20C13E4F007031DD /* ViewController.m in Sources */ = {isa = PBXBuildFile; fileRef = 3399336E20C13E4F007031DD /* ViewController.m */; };
		3399337220C13E4F007031DD /* Main.storyboard in Resources */ = {isa = PBXBuildFile; fileRef = 3399337020C13E4F007031DD /* Main.storyboard */; };
		3399337420C13E50007031DD /* Assets.xcassets in Resources */ = {isa = PBXBuildFile; fileRef = 3399337320C13E50007031DD /* Assets.xcassets */; };
		3399337720C13E50007031DD /* LaunchScreen.storyboard in Resources */ = {isa = PBXBuildFile; fileRef = 3399337520C13E50007031DD /* LaunchScreen.storyboard */; };
		3399337A20C13E50007031DD /* main.m in Sources */ = {isa = PBXBuildFile; fileRef = 3399337920C13E50007031DD /* main.m */; };
		339933A320C143E6007031DD /* UIViewController+DCDRouter.m in Sources */ = {isa = PBXBuildFile; fileRef = 3399338320C143E4007031DD /* UIViewController+DCDRouter.m */; };
		339933A420C143E6007031DD /* DCDRoutingAction.m in Sources */ = {isa = PBXBuildFile; fileRef = 3399338420C143E4007031DD /* DCDRoutingAction.m */; };
		339933A520C143E6007031DD /* DCDRoutingTapGesture.m in Sources */ = {isa = PBXBuildFile; fileRef = 3399338520C143E4007031DD /* DCDRoutingTapGesture.m */; };
		339933A620C143E6007031DD /* DCDBaseRouter.m in Sources */ = {isa = PBXBuildFile; fileRef = 3399338620C143E4007031DD /* DCDBaseRouter.m */; };
		339933A720C143E6007031DD /* UITableViewCell+DCDRouter.m in Sources */ = {isa = PBXBuildFile; fileRef = 3399338720C143E4007031DD /* UITableViewCell+DCDRouter.m */; };
		339933A820C143E6007031DD /* UIView+DCDRouter.m in Sources */ = {isa = PBXBuildFile; fileRef = 3399338D20C143E4007031DD /* UIView+DCDRouter.m */; };
		339933A920C143E6007031DD /* UIButton+DCDRouter.m in Sources */ = {isa = PBXBuildFile; fileRef = 3399338E20C143E4007031DD /* UIButton+DCDRouter.m */; };
		339933AA20C143E6007031DD /* DCDRoutingBuilder.m in Sources */ = {isa = PBXBuildFile; fileRef = 3399339320C143E4007031DD /* DCDRoutingBuilder.m */; };
		339933AB20C143E6007031DD /* NSObject+DCDRouter.m in Sources */ = {isa = PBXBuildFile; fileRef = 3399339420C143E4007031DD /* NSObject+DCDRouter.m */; };
		339933AC20C143E6007031DD /* DCDActionRouter.m in Sources */ = {isa = PBXBuildFile; fileRef = 3399339520C143E4007031DD /* DCDActionRouter.m */; };
		339933AD20C143E6007031DD /* Module.m in Sources */ = {isa = PBXBuildFile; fileRef = 3399339720C143E5007031DD /* Module.m */; };
		339933AE20C143E6007031DD /* FirstViewController.m in Sources */ = {isa = PBXBuildFile; fileRef = 3399339C20C143E5007031DD /* FirstViewController.m */; };
		339933AF20C143E6007031DD /* SecondViewController.m in Sources */ = {isa = PBXBuildFile; fileRef = 3399339D20C143E5007031DD /* SecondViewController.m */; };
		339933B020C143E6007031DD /* ThirdViewController.m in Sources */ = {isa = PBXBuildFile; fileRef = 3399339E20C143E5007031DD /* ThirdViewController.m */; };
/* End PBXBuildFile section */

/* Begin PBXFileReference section */
		3399336720C13E4F007031DD /* DCDRouter.app */ = {isa = PBXFileReference; explicitFileType = wrapper.application; includeInIndex = 0; path = DCDRouter.app; sourceTree = BUILT_PRODUCTS_DIR; };
		3399336A20C13E4F007031DD /* AppDelegate.h */ = {isa = PBXFileReference; lastKnownFileType = sourcecode.c.h; path = AppDelegate.h; sourceTree = "<group>"; };
		3399336B20C13E4F007031DD /* AppDelegate.m */ = {isa = PBXFileReference; lastKnownFileType = sourcecode.c.objc; path = AppDelegate.m; sourceTree = "<group>"; };
		3399336D20C13E4F007031DD /* ViewController.h */ = {isa = PBXFileReference; lastKnownFileType = sourcecode.c.h; path = ViewController.h; sourceTree = "<group>"; };
		3399336E20C13E4F007031DD /* ViewController.m */ = {isa = PBXFileReference; lastKnownFileType = sourcecode.c.objc; path = ViewController.m; sourceTree = "<group>"; };
		3399337120C13E4F007031DD /* Base */ = {isa = PBXFileReference; lastKnownFileType = file.storyboard; name = Base; path = Base.lproj/Main.storyboard; sourceTree = "<group>"; };
		3399337320C13E50007031DD /* Assets.xcassets */ = {isa = PBXFileReference; lastKnownFileType = folder.assetcatalog; path = Assets.xcassets; sourceTree = "<group>"; };
		3399337620C13E50007031DD /* Base */ = {isa = PBXFileReference; lastKnownFileType = file.storyboard; name = Base; path = Base.lproj/LaunchScreen.storyboard; sourceTree = "<group>"; };
		3399337820C13E50007031DD /* Info.plist */ = {isa = PBXFileReference; lastKnownFileType = text.plist.xml; path = Info.plist; sourceTree = "<group>"; };
		3399337920C13E50007031DD /* main.m */ = {isa = PBXFileReference; lastKnownFileType = sourcecode.c.objc; path = main.m; sourceTree = "<group>"; };
		3399338120C143E4007031DD /* UIButton+DCDRouter.h */ = {isa = PBXFileReference; fileEncoding = 4; lastKnownFileType = sourcecode.c.h; path = "UIButton+DCDRouter.h"; sourceTree = "<group>"; };
		3399338220C143E4007031DD /* UIView+DCDRouter.h */ = {isa = PBXFileReference; fileEncoding = 4; lastKnownFileType = sourcecode.c.h; path = "UIView+DCDRouter.h"; sourceTree = "<group>"; };
		3399338320C143E4007031DD /* UIViewController+DCDRouter.m */ = {isa = PBXFileReference; fileEncoding = 4; lastKnownFileType = sourcecode.c.objc; path = "UIViewController+DCDRouter.m"; sourceTree = "<group>"; };
		3399338420C143E4007031DD /* DCDRoutingAction.m */ = {isa = PBXFileReference; fileEncoding = 4; lastKnownFileType = sourcecode.c.objc; path = DCDRoutingAction.m; sourceTree = "<group>"; };
		3399338520C143E4007031DD /* DCDRoutingTapGesture.m */ = {isa = PBXFileReference; fileEncoding = 4; lastKnownFileType = sourcecode.c.objc; path = DCDRoutingTapGesture.m; sourceTree = "<group>"; };
		3399338620C143E4007031DD /* DCDBaseRouter.m */ = {isa = PBXFileReference; fileEncoding = 4; lastKnownFileType = sourcecode.c.objc; path = DCDBaseRouter.m; sourceTree = "<group>"; };
		3399338720C143E4007031DD /* UITableViewCell+DCDRouter.m */ = {isa = PBXFileReference; fileEncoding = 4; lastKnownFileType = sourcecode.c.objc; path = "UITableViewCell+DCDRouter.m"; sourceTree = "<group>"; };
		3399338820C143E4007031DD /* NSObject+DCDRouter.h */ = {isa = PBXFileReference; fileEncoding = 4; lastKnownFileType = sourcecode.c.h; path = "NSObject+DCDRouter.h"; sourceTree = "<group>"; };
		3399338920C143E4007031DD /* DCDRoutingProtocol.h */ = {isa = PBXFileReference; fileEncoding = 4; lastKnownFileType = sourcecode.c.h; path = DCDRoutingProtocol.h; sourceTree = "<group>"; };
		3399338A20C143E4007031DD /* DCDRoutingBuilder.h */ = {isa = PBXFileReference; fileEncoding = 4; lastKnownFileType = sourcecode.c.h; path = DCDRoutingBuilder.h; sourceTree = "<group>"; };
		3399338B20C143E4007031DD /* DCDActionRouter.h */ = {isa = PBXFileReference; fileEncoding = 4; lastKnownFileType = sourcecode.c.h; path = DCDActionRouter.h; sourceTree = "<group>"; };
		3399338C20C143E4007031DD /* UIViewController+DCDRouter.h */ = {isa = PBXFileReference; fileEncoding = 4; lastKnownFileType = sourcecode.c.h; path = "UIViewController+DCDRouter.h"; sourceTree = "<group>"; };
		3399338D20C143E4007031DD /* UIView+DCDRouter.m */ = {isa = PBXFileReference; fileEncoding = 4; lastKnownFileType = sourcecode.c.objc; path = "UIView+DCDRouter.m"; sourceTree = "<group>"; };
		3399338E20C143E4007031DD /* UIButton+DCDRouter.m */ = {isa = PBXFileReference; fileEncoding = 4; lastKnownFileType = sourcecode.c.objc; path = "UIButton+DCDRouter.m"; sourceTree = "<group>"; };
		3399338F20C143E4007031DD /* UITableViewCell+DCDRouter.h */ = {isa = PBXFileReference; fileEncoding = 4; lastKnownFileType = sourcecode.c.h; path = "UITableViewCell+DCDRouter.h"; sourceTree = "<group>"; };
		3399339020C143E4007031DD /* DCDBaseRouter.h */ = {isa = PBXFileReference; fileEncoding = 4; lastKnownFileType = sourcecode.c.h; path = DCDBaseRouter.h; sourceTree = "<group>"; };
		3399339120C143E4007031DD /* DCDRoutingTapGesture.h */ = {isa = PBXFileReference; fileEncoding = 4; lastKnownFileType = sourcecode.c.h; path = DCDRoutingTapGesture.h; sourceTree = "<group>"; };
		3399339220C143E4007031DD /* DCDRoutingAction.h */ = {isa = PBXFileReference; fileEncoding = 4; lastKnownFileType = sourcecode.c.h; path = DCDRoutingAction.h; sourceTree = "<group>"; };
		3399339320C143E4007031DD /* DCDRoutingBuilder.m */ = {isa = PBXFileReference; fileEncoding = 4; lastKnownFileType = sourcecode.c.objc; path = DCDRoutingBuilder.m; sourceTree = "<group>"; };
		3399339420C143E4007031DD /* NSObject+DCDRouter.m */ = {isa = PBXFileReference; fileEncoding = 4; lastKnownFileType = sourcecode.c.objc; path = "NSObject+DCDRouter.m"; sourceTree = "<group>"; };
		3399339520C143E4007031DD /* DCDActionRouter.m */ = {isa = PBXFileReference; fileEncoding = 4; lastKnownFileType = sourcecode.c.objc; path = DCDActionRouter.m; sourceTree = "<group>"; };
		3399339620C143E4007031DD /* DCDRouter.h */ = {isa = PBXFileReference; fileEncoding = 4; lastKnownFileType = sourcecode.c.h; path = DCDRouter.h; sourceTree = "<group>"; };
		3399339720C143E5007031DD /* Module.m */ = {isa = PBXFileReference; fileEncoding = 4; lastKnownFileType = sourcecode.c.objc; path = Module.m; sourceTree = "<group>"; };
		3399339920C143E5007031DD /* FirstViewController.h */ = {isa = PBXFileReference; fileEncoding = 4; lastKnownFileType = sourcecode.c.h; path = FirstViewController.h; sourceTree = "<group>"; };
		3399339A20C143E5007031DD /* SecondViewController.h */ = {isa = PBXFileReference; fileEncoding = 4; lastKnownFileType = sourcecode.c.h; path = SecondViewController.h; sourceTree = "<group>"; };
		3399339B20C143E5007031DD /* ThirdViewController.h */ = {isa = PBXFileReference; fileEncoding = 4; lastKnownFileType = sourcecode.c.h; path = ThirdViewController.h; sourceTree = "<group>"; };
		3399339C20C143E5007031DD /* FirstViewController.m */ = {isa = PBXFileReference; fileEncoding = 4; lastKnownFileType = sourcecode.c.objc; path = FirstViewController.m; sourceTree = "<group>"; };
		3399339D20C143E5007031DD /* SecondViewController.m */ = {isa = PBXFileReference; fileEncoding = 4; lastKnownFileType = sourcecode.c.objc; path = SecondViewController.m; sourceTree = "<group>"; };
		3399339E20C143E5007031DD /* ThirdViewController.m */ = {isa = PBXFileReference; fileEncoding = 4; lastKnownFileType = sourcecode.c.objc; path = ThirdViewController.m; sourceTree = "<group>"; };
		3399339F20C143E5007031DD /* Module.h */ = {isa = PBXFileReference; fileEncoding = 4; lastKnownFileType = sourcecode.c.h; path = Module.h; sourceTree = "<group>"; };
		339933A120C143E5007031DD /* PrefixHeader.pch */ = {isa = PBXFileReference; fileEncoding = 4; lastKnownFileType = sourcecode.c.h; path = PrefixHeader.pch; sourceTree = "<group>"; };
/* End PBXFileReference section */

/* Begin PBXFrameworksBuildPhase section */
		3399336420C13E4F007031DD /* Frameworks */ = {
			isa = PBXFrameworksBuildPhase;
			buildActionMask = 2147483647;
			files = (
			);
			runOnlyForDeploymentPostprocessing = 0;
		};
/* End PBXFrameworksBuildPhase section */

/* Begin PBXGroup section */
		3399335E20C13E4F007031DD = {
			isa = PBXGroup;
			children = (
				3399336920C13E4F007031DD /* DCDRouter */,
				3399336820C13E4F007031DD /* Products */,
			);
			sourceTree = "<group>";
		};
		3399336820C13E4F007031DD /* Products */ = {
			isa = PBXGroup;
			children = (
				3399336720C13E4F007031DD /* DCDRouter.app */,
			);
			name = Products;
			sourceTree = "<group>";
		};
		3399336920C13E4F007031DD /* DCDRouter */ = {
			isa = PBXGroup;
			children = (
				3399336A20C13E4F007031DD /* AppDelegate.h */,
				3399336B20C13E4F007031DD /* AppDelegate.m */,
				3399336D20C13E4F007031DD /* ViewController.h */,
				3399336E20C13E4F007031DD /* ViewController.m */,
				3399338020C143E4007031DD /* DCDRouter */,
				3399339F20C143E5007031DD /* Module.h */,
				3399339720C143E5007031DD /* Module.m */,
				339933A120C143E5007031DD /* PrefixHeader.pch */,
				339933A220C143E5007031DD /* View */,
				3399339820C143E5007031DD /* ViewController */,
				339933A020C143E5007031DD /* ViewModel */,
				3399337020C13E4F007031DD /* Main.storyboard */,
				3399337320C13E50007031DD /* Assets.xcassets */,
				3399337520C13E50007031DD /* LaunchScreen.storyboard */,
				3399337820C13E50007031DD /* Info.plist */,
				3399337920C13E50007031DD /* main.m */,
			);
			path = DCDRouter;
			sourceTree = "<group>";
		};
		3399338020C143E4007031DD /* DCDRouter */ = {
			isa = PBXGroup;
			children = (
				3399338120C143E4007031DD /* UIButton+DCDRouter.h */,
				3399338220C143E4007031DD /* UIView+DCDRouter.h */,
				3399338320C143E4007031DD /* UIViewController+DCDRouter.m */,
				3399338420C143E4007031DD /* DCDRoutingAction.m */,
				3399338520C143E4007031DD /* DCDRoutingTapGesture.m */,
				3399338620C143E4007031DD /* DCDBaseRouter.m */,
				3399338720C143E4007031DD /* UITableViewCell+DCDRouter.m */,
				3399338820C143E4007031DD /* NSObject+DCDRouter.h */,
				3399338920C143E4007031DD /* DCDRoutingProtocol.h */,
				3399338A20C143E4007031DD /* DCDRoutingBuilder.h */,
				3399338B20C143E4007031DD /* DCDActionRouter.h */,
				3399338C20C143E4007031DD /* UIViewController+DCDRouter.h */,
				3399338D20C143E4007031DD /* UIView+DCDRouter.m */,
				3399338E20C143E4007031DD /* UIButton+DCDRouter.m */,
				3399338F20C143E4007031DD /* UITableViewCell+DCDRouter.h */,
				3399339020C143E4007031DD /* DCDBaseRouter.h */,
				3399339120C143E4007031DD /* DCDRoutingTapGesture.h */,
				3399339220C143E4007031DD /* DCDRoutingAction.h */,
				3399339320C143E4007031DD /* DCDRoutingBuilder.m */,
				3399339420C143E4007031DD /* NSObject+DCDRouter.m */,
				3399339520C143E4007031DD /* DCDActionRouter.m */,
				3399339620C143E4007031DD /* DCDRouter.h */,
			);
			path = DCDRouter;
			sourceTree = "<group>";
		};
		3399339820C143E5007031DD /* ViewController */ = {
			isa = PBXGroup;
			children = (
				3399339920C143E5007031DD /* FirstViewController.h */,
				3399339A20C143E5007031DD /* SecondViewController.h */,
				3399339B20C143E5007031DD /* ThirdViewController.h */,
				3399339C20C143E5007031DD /* FirstViewController.m */,
				3399339D20C143E5007031DD /* SecondViewController.m */,
				3399339E20C143E5007031DD /* ThirdViewController.m */,
			);
			path = ViewController;
			sourceTree = "<group>";
		};
		339933A020C143E5007031DD /* ViewModel */ = {
			isa = PBXGroup;
			children = (
			);
			path = ViewModel;
			sourceTree = "<group>";
		};
		339933A220C143E5007031DD /* View */ = {
			isa = PBXGroup;
			children = (
			);
			path = View;
			sourceTree = "<group>";
		};
/* End PBXGroup section */

/* Begin PBXNativeTarget section */
		3399336620C13E4F007031DD /* DCDRouter */ = {
			isa = PBXNativeTarget;
			buildConfigurationList = 3399337D20C13E50007031DD /* Build configuration list for PBXNativeTarget "DCDRouter" */;
			buildPhases = (
				3399336320C13E4F007031DD /* Sources */,
				3399336420C13E4F007031DD /* Frameworks */,
				3399336520C13E4F007031DD /* Resources */,
			);
			buildRules = (
			);
			dependencies = (
			);
			name = DCDRouter;
			productName = DCDRouter;
			productReference = 3399336720C13E4F007031DD /* DCDRouter.app */;
			productType = "com.apple.product-type.application";
		};
/* End PBXNativeTarget section */

/* Begin PBXProject section */
		3399335F20C13E4F007031DD /* Project object */ = {
			isa = PBXProject;
			attributes = {
				LastUpgradeCheck = 0930;
				ORGANIZATIONNAME = boohee;
				TargetAttributes = {
					3399336620C13E4F007031DD = {
						CreatedOnToolsVersion = 9.3.1;
					};
				};
			};
			buildConfigurationList = 3399336220C13E4F007031DD /* Build configuration list for PBXProject "DCDRouter" */;
			compatibilityVersion = "Xcode 9.3";
			developmentRegion = en;
			hasScannedForEncodings = 0;
			knownRegions = (
				en,
				Base,
			);
			mainGroup = 3399335E20C13E4F007031DD;
			productRefGroup = 3399336820C13E4F007031DD /* Products */;
			projectDirPath = "";
			projectRoot = "";
			targets = (
				3399336620C13E4F007031DD /* DCDRouter */,
			);
		};
/* End PBXProject section */

/* Begin PBXResourcesBuildPhase section */
		3399336520C13E4F007031DD /* Resources */ = {
			isa = PBXResourcesBuildPhase;
			buildActionMask = 2147483647;
			files = (
				3399337720C13E50007031DD /* LaunchScreen.storyboard in Resources */,
				3399337420C13E50007031DD /* Assets.xcassets in Resources */,
				3399337220C13E4F007031DD /* Main.storyboard in Resources */,
			);
			runOnlyForDeploymentPostprocessing = 0;
		};
/* End PBXResourcesBuildPhase section */

/* Begin PBXSourcesBuildPhase section */
		3399336320C13E4F007031DD /* Sources */ = {
			isa = PBXSourcesBuildPhase;
			buildActionMask = 2147483647;
			files = (
				339933A620C143E6007031DD /* DCDBaseRouter.m in Sources */,
				339933A520C143E6007031DD /* DCDRoutingTapGesture.m in Sources */,
				339933A820C143E6007031DD /* UIView+DCDRouter.m in Sources */,
				339933AD20C143E6007031DD /* Module.m in Sources */,
				339933AC20C143E6007031DD /* DCDActionRouter.m in Sources */,
				3399336F20C13E4F007031DD /* ViewController.m in Sources */,
				339933AA20C143E6007031DD /* DCDRoutingBuilder.m in Sources */,
				339933B020C143E6007031DD /* ThirdViewController.m in Sources */,
				339933AE20C143E6007031DD /* FirstViewController.m in Sources */,
				3399337A20C13E50007031DD /* main.m in Sources */,
				339933A420C143E6007031DD /* DCDRoutingAction.m in Sources */,
				3399336C20C13E4F007031DD /* AppDelegate.m in Sources */,
				339933A720C143E6007031DD /* UITableViewCell+DCDRouter.m in Sources */,
				339933AF20C143E6007031DD /* SecondViewController.m in Sources */,
				339933A920C143E6007031DD /* UIButton+DCDRouter.m in Sources */,
				339933AB20C143E6007031DD /* NSObject+DCDRouter.m in Sources */,
				339933A320C143E6007031DD /* UIViewController+DCDRouter.m in Sources */,
			);
			runOnlyForDeploymentPostprocessing = 0;
		};
/* End PBXSourcesBuildPhase section */

/* Begin PBXVariantGroup section */
		3399337020C13E4F007031DD /* Main.storyboard */ = {
			isa = PBXVariantGroup;
			children = (
				3399337120C13E4F007031DD /* Base */,
			);
			name = Main.storyboard;
			sourceTree = "<group>";
		};
		3399337520C13E50007031DD /* LaunchScreen.storyboard */ = {
			isa = PBXVariantGroup;
			children = (
				3399337620C13E50007031DD /* Base */,
			);
			name = LaunchScreen.storyboard;
			sourceTree = "<group>";
		};
/* End PBXVariantGroup section */

/* Begin XCBuildConfiguration section */
		3399337B20C13E50007031DD /* Debug */ = {
			isa = XCBuildConfiguration;
			buildSettings = {
				ALWAYS_SEARCH_USER_PATHS = NO;
				CLANG_ANALYZER_NONNULL = YES;
				CLANG_ANALYZER_NUMBER_OBJECT_CONVERSION = YES_AGGRESSIVE;
				CLANG_CXX_LANGUAGE_STANDARD = "gnu++14";
				CLANG_CXX_LIBRARY = "libc++";
				CLANG_ENABLE_MODULES = YES;
				CLANG_ENABLE_OBJC_ARC = YES;
				CLANG_ENABLE_OBJC_WEAK = YES;
				CLANG_WARN_BLOCK_CAPTURE_AUTORELEASING = YES;
				CLANG_WARN_BOOL_CONVERSION = YES;
				CLANG_WARN_COMMA = YES;
				CLANG_WARN_CONSTANT_CONVERSION = YES;
				CLANG_WARN_DEPRECATED_OBJC_IMPLEMENTATIONS = YES;
				CLANG_WARN_DIRECT_OBJC_ISA_USAGE = YES_ERROR;
				CLANG_WARN_DOCUMENTATION_COMMENTS = YES;
				CLANG_WARN_EMPTY_BODY = YES;
				CLANG_WARN_ENUM_CONVERSION = YES;
				CLANG_WARN_INFINITE_RECURSION = YES;
				CLANG_WARN_INT_CONVERSION = YES;
				CLANG_WARN_NON_LITERAL_NULL_CONVERSION = YES;
				CLANG_WARN_OBJC_IMPLICIT_RETAIN_SELF = YES;
				CLANG_WARN_OBJC_LITERAL_CONVERSION = YES;
				CLANG_WARN_OBJC_ROOT_CLASS = YES_ERROR;
				CLANG_WARN_RANGE_LOOP_ANALYSIS = YES;
				CLANG_WARN_STRICT_PROTOTYPES = YES;
				CLANG_WARN_SUSPICIOUS_MOVE = YES;
				CLANG_WARN_UNGUARDED_AVAILABILITY = YES_AGGRESSIVE;
				CLANG_WARN_UNREACHABLE_CODE = YES;
				CLANG_WARN__DUPLICATE_METHOD_MATCH = YES;
				CODE_SIGN_IDENTITY = "iPhone Developer";
				COPY_PHASE_STRIP = NO;
				DEBUG_INFORMATION_FORMAT = dwarf;
				ENABLE_STRICT_OBJC_MSGSEND = YES;
				ENABLE_TESTABILITY = YES;
				GCC_C_LANGUAGE_STANDARD = gnu11;
				GCC_DYNAMIC_NO_PIC = NO;
				GCC_NO_COMMON_BLOCKS = YES;
				GCC_OPTIMIZATION_LEVEL = 0;
				GCC_PREPROCESSOR_DEFINITIONS = (
					"DEBUG=1",
					"$(inherited)",
				);
				GCC_WARN_64_TO_32_BIT_CONVERSION = YES;
				GCC_WARN_ABOUT_RETURN_TYPE = YES_ERROR;
				GCC_WARN_UNDECLARED_SELECTOR = YES;
				GCC_WARN_UNINITIALIZED_AUTOS = YES_AGGRESSIVE;
				GCC_WARN_UNUSED_FUNCTION = YES;
				GCC_WARN_UNUSED_VARIABLE = YES;
				IPHONEOS_DEPLOYMENT_TARGET = 11.3;
				MTL_ENABLE_DEBUG_INFO = YES;
				ONLY_ACTIVE_ARCH = YES;
				SDKROOT = iphoneos;
			};
			name = Debug;
		};
		3399337C20C13E50007031DD /* Release */ = {
			isa = XCBuildConfiguration;
			buildSettings = {
				ALWAYS_SEARCH_USER_PATHS = NO;
				CLANG_ANALYZER_NONNULL = YES;
				CLANG_ANALYZER_NUMBER_OBJECT_CONVERSION = YES_AGGRESSIVE;
				CLANG_CXX_LANGUAGE_STANDARD = "gnu++14";
				CLANG_CXX_LIBRARY = "libc++";
				CLANG_ENABLE_MODULES = YES;
				CLANG_ENABLE_OBJC_ARC = YES;
				CLANG_ENABLE_OBJC_WEAK = YES;
				CLANG_WARN_BLOCK_CAPTURE_AUTORELEASING = YES;
				CLANG_WARN_BOOL_CONVERSION = YES;
				CLANG_WARN_COMMA = YES;
				CLANG_WARN_CONSTANT_CONVERSION = YES;
				CLANG_WARN_DEPRECATED_OBJC_IMPLEMENTATIONS = YES;
				CLANG_WARN_DIRECT_OBJC_ISA_USAGE = YES_ERROR;
				CLANG_WARN_DOCUMENTATION_COMMENTS = YES;
				CLANG_WARN_EMPTY_BODY = YES;
				CLANG_WARN_ENUM_CONVERSION = YES;
				CLANG_WARN_INFINITE_RECURSION = YES;
				CLANG_WARN_INT_CONVERSION = YES;
				CLANG_WARN_NON_LITERAL_NULL_CONVERSION = YES;
				CLANG_WARN_OBJC_IMPLICIT_RETAIN_SELF = YES;
				CLANG_WARN_OBJC_LITERAL_CONVERSION = YES;
				CLANG_WARN_OBJC_ROOT_CLASS = YES_ERROR;
				CLANG_WARN_RANGE_LOOP_ANALYSIS = YES;
				CLANG_WARN_STRICT_PROTOTYPES = YES;
				CLANG_WARN_SUSPICIOUS_MOVE = YES;
				CLANG_WARN_UNGUARDED_AVAILABILITY = YES_AGGRESSIVE;
				CLANG_WARN_UNREACHABLE_CODE = YES;
				CLANG_WARN__DUPLICATE_METHOD_MATCH = YES;
				CODE_SIGN_IDENTITY = "iPhone Developer";
				COPY_PHASE_STRIP = NO;
				DEBUG_INFORMATION_FORMAT = "dwarf-with-dsym";
				ENABLE_NS_ASSERTIONS = NO;
				ENABLE_STRICT_OBJC_MSGSEND = YES;
				GCC_C_LANGUAGE_STANDARD = gnu11;
				GCC_NO_COMMON_BLOCKS = YES;
				GCC_WARN_64_TO_32_BIT_CONVERSION = YES;
				GCC_WARN_ABOUT_RETURN_TYPE = YES_ERROR;
				GCC_WARN_UNDECLARED_SELECTOR = YES;
				GCC_WARN_UNINITIALIZED_AUTOS = YES_AGGRESSIVE;
				GCC_WARN_UNUSED_FUNCTION = YES;
				GCC_WARN_UNUSED_VARIABLE = YES;
				IPHONEOS_DEPLOYMENT_TARGET = 11.3;
				MTL_ENABLE_DEBUG_INFO = NO;
				SDKROOT = iphoneos;
				VALIDATE_PRODUCT = YES;
			};
			name = Release;
		};
		3399337E20C13E50007031DD /* Debug */ = {
			isa = XCBuildConfiguration;
			buildSettings = {
				ASSETCATALOG_COMPILER_APPICON_NAME = AppIcon;
				CODE_SIGN_STYLE = Automatic;
				DEVELOPMENT_TEAM = YES6B27V8R;
				GCC_PRECOMPILE_PREFIX_HEADER = YES;
				GCC_PREFIX_HEADER = DCDRouter/PrefixHeader.pch;
				INFOPLIST_FILE = DCDRouter/Info.plist;
				LD_RUNPATH_SEARCH_PATHS = (
					"$(inherited)",
					"@executable_path/Frameworks",
				);
				PRODUCT_BUNDLE_IDENTIFIER = boohee.DCDRouter;
				PRODUCT_NAME = "$(TARGET_NAME)";
				TARGETED_DEVICE_FAMILY = "1,2";
			};
			name = Debug;
		};
		3399337F20C13E50007031DD /* Release */ = {
			isa = XCBuildConfiguration;
			buildSettings = {
				ASSETCATALOG_COMPILER_APPICON_NAME = AppIcon;
				CODE_SIGN_STYLE = Automatic;
				DEVELOPMENT_TEAM = YES6B27V8R;
				GCC_PRECOMPILE_PREFIX_HEADER = YES;
				GCC_PREFIX_HEADER = DCDRouter/PrefixHeader.pch;
				INFOPLIST_FILE = DCDRouter/Info.plist;
				LD_RUNPATH_SEARCH_PATHS = (
					"$(inherited)",
					"@executable_path/Frameworks",
				);
				PRODUCT_BUNDLE_IDENTIFIER = boohee.DCDRouter;
				PRODUCT_NAME = "$(TARGET_NAME)";
				TARGETED_DEVICE_FAMILY = "1,2";
			};
			name = Release;
		};
/* End XCBuildConfiguration section */

/* Begin XCConfigurationList section */
		3399336220C13E4F007031DD /* Build configuration list for PBXProject "DCDRouter" */ = {
			isa = XCConfigurationList;
			buildConfigurations = (
				3399337B20C13E50007031DD /* Debug */,
				3399337C20C13E50007031DD /* Release */,
			);
			defaultConfigurationIsVisible = 0;
			defaultConfigurationName = Release;
		};
		3399337D20C13E50007031DD /* Build configuration list for PBXNativeTarget "DCDRouter" */ = {
			isa = XCConfigurationList;
			buildConfigurations = (
				3399337E20C13E50007031DD /* Debug */,
				3399337F20C13E50007031DD /* Release */,
			);
			defaultConfigurationIsVisible = 0;
			defaultConfigurationName = Release;
		};
/* End XCConfigurationList section */
	};
	rootObject = 3399335F20C13E4F007031DD /* Project object */;
}
